github.com/emirpasic/gods v1.18.1 h1:FXtiHYKDGKCW2KzwZKx0iC0PQmdlorYgdFG9jPXJ1Bc=
github.com/emirpasic/gods v1.18.1/go.mod h1:8tpGGwCnJ5H4r6BWwaV6OrWmMoPhUl5jm/FMNAnJvWQ=
github.com/godoes/gorm-oracle v1.6.14 h1:3cb0NPLnW8eGDfknCIEOK2CMTVOipYT9BpKCMOhLvZ0=
github.com/godoes/gorm-oracle v1.6.14/go.mod h1:yFD2R/OJ8p2XcBeULKwshU3DLwTW4gKdjXkOc/SeZmw=
github.com/jinzhu/inflection v1.0.0 h1:K317FqzuhWc8YvSVlFMCCUb36O/S9MCKRDI7QkRKD/E=
github.com/jinzhu/inflection v1.0.0/go.mod h1:h+uFLlag+Qp1Va5pdKtLDYj+kHp5pxUVkryuEj+Srlc=
github.com/jinzhu/now v1.1.5 h1:/o9tlHleP7gOFmsnYNz3RGnqzefHA47wQpKrrdTIwXQ=
github.com/jinzhu/now v1.1.5/go.mod h1:d3SSVoowX0Lcu0IBviAWJpolVfI5UJVZZ7cO71lE/z8=
github.com/liujitcn/kratos-kit/database/gorm/driver v0.0.5 h1:G66Mf7wwfql14KxJMKhd6RXTNWVBcn8r2gqk/h1Xklw=
github.com/liujitcn/kratos-kit/database/gorm/driver v0.0.5/go.mod h1:G4im2NEUggOLq3CAX5otJi0LaqxedbXbhazUuaIExvM=
github.com/sijms/go-ora/v2 v2.8.21 h1:zhvaKaJzgEn+jq7TJF8YlY4H0P5RHxGc99y9QNoeU+s=
github.com/sijms/go-ora/v2 v2.8.21/go.mod h1:QgFInVi3ZWyqAiJwzBQA+nbKYKH77tdp1PYoCqhR2dU=
golang.org/x/text v0.20.0 h1:gK/Kv2otX8gz+wn7Rmb3vT96ZwuoxnQlY+HlJVj7Qug=
golang.org/x/text v0.20.0/go.mod h1:D4IsuqiFMhST5bX19pQ9ikHC2GsaKyk/oF+pn3ducp4=
gorm.io/gorm v1.31.1 h1:7CA8FTFz/gRfgqgpeKIBcervUn3xSyPUmr6B2WXJ7kg=
gorm.io/gorm v1.31.1/go.mod h1:XyQVbO2k6YkOis7C2437jSit3SsDK72s7n7rsSHd+Gs=
