github.com/andybalholm/brotli v1.2.6 h1:ftYnfj6usCp+UGV5kSJ3+chpMQgU+gJf/AxsUQ52REI=
github.com/andybalholm/brotli v1.2.6/go.mod h1:rzTDkvFWvIrjDXZHkuS16NPggd91W3kUSvPlQ1pLaKY=
github.com/bool64/dev v0.2.45 h1:3nLKhAS/6Oklk3Mt2lHYSN/Cb4tdAD77KLwzeP+6eYE=
github.com/bool64/dev v0.2.45/go.mod h1:iJbh1y/HkunEPhgebWRNcs8wfGq7sjvJ6W5iabL8ACg=
github.com/klauspost/compress v1.20.1 h1:T7kKElXUMXrUJ2E9QhQhxFtcK5rPyLdsGZvdbLMPdiQ=
github.com/klauspost/compress v1.20.1/go.mod h1:LUdAzn7YLVvxLpc7y3V1m40wESHTgc1422pwwBSKYuI=
github.com/mvrilo/go-redoc v0.1.5 h1:07yjAjUNXXEkC/pd2Yl6DAVjmhMussJsNeOuAAR/8TA=
github.com/mvrilo/go-redoc v0.1.5/go.mod h1:Yn92/dqIpYGSl8g2xz1Xq36AO9ENjIsPLbVtz9nVhz8=
github.com/stretchr/testify v1.12.1 h1:EuwCh5fleGS7H32xRwO3wRGT7DxrDhLAT6FF8MpWDWE=
github.com/stretchr/testify v1.12.1/go.mod h1:MDEgiDPPsNp5cuIrHPPCyornHKgEVbtFUmoNlxoYthg=
github.com/swaggest/swgui v1.8.9 h1:cxAgIwouPpZPlvX68jY5fpwarzLbkc8/IL6DMj+H460=
github.com/swaggest/swgui v1.8.9/go.mod h1:eTJfgwudbyw9xMwqO26vs82ei2u6//JnUAofx2vGB3M=
github.com/vearutop/statigz v1.5.0 h1:FuWwZiT82yBw4xbWdWIawiP2XFTyEPhIo8upRxiKLqk=
github.com/vearutop/statigz v1.5.0/go.mod h1:oHmjFf3izfCO804Di1ZjB666P3fAlVzJEx2k6jNt/Gk=
go.yaml.in/yaml/v3 v3.0.5 h1:N6y/pJk8buWs9NY5ERU2HSMfm+IuD/OtfdAnq6kESPw=
go.yaml.in/yaml/v3 v3.0.5/go.mod h1:HVTZu1O7/Vkt2N+BFy8Zza+lnLsABggaTM2ZpNIGuKg=
